// !$*UTF8*$!
{
	archiveVersion = 1;
	classes = {
	};
	objectVersion = 55;
	objects = {

/* Begin PBXBuildFile section */
		0CE762A128608D55004BDC47 /* CollectionView.swift in Sources */ = {isa = PBXBuildFile; fileRef = 0CE762A028608D55004BDC47 /* CollectionView.swift */; };
		0CE762A328608F1B004BDC47 /* ItemModels.swift in Sources */ = {isa = PBXBuildFile; fileRef = 0CE762A228608F1B004BDC47 /* ItemModels.swift */; };
		0CE762A5286095B9004BDC47 /* GalleryCollectionCell.swift in Sources */ = {isa = PBXBuildFile; fileRef = 0CE762A4286095B9004BDC47 /* GalleryCollectionCell.swift */; };
		5A942E35285233A900C1DC9C /* MenuViewController.swift in Sources */ = {isa = PBXBuildFile; fileRef = 5A942E34285233A900C1DC9C /* MenuViewController.swift */; };
		5AA191F02847A2FF007FDAF8 /* AppDelegate.swift in Sources */ = {isa = PBXBuildFile; fileRef = 5AA191EF2847A2FF007FDAF8 /* AppDelegate.swift */; };
		5AA191F22847A2FF007FDAF8 /* SceneDelegate.swift in Sources */ = {isa = PBXBuildFile; fileRef = 5AA191F12847A2FF007FDAF8 /* SceneDelegate.swift */; };
		5AA191F92847A300007FDAF8 /* Assets.xcassets in Resources */ = {isa = PBXBuildFile; fileRef = 5AA191F82847A300007FDAF8 /* Assets.xcassets */; };
		5AA191FC2847A300007FDAF8 /* LaunchScreen.storyboard in Resources */ = {isa = PBXBuildFile; fileRef = 5AA191FA2847A300007FDAF8 /* LaunchScreen.storyboard */; };
		5AA192202847B009007FDAF8 /* ViewController.swift in Sources */ = {isa = PBXBuildFile; fileRef = 5AA1921F2847B009007FDAF8 /* ViewController.swift */; };
		5AA192222847B2FB007FDAF8 /* SecondViewController.swift in Sources */ = {isa = PBXBuildFile; fileRef = 5AA192212847B2FB007FDAF8 /* SecondViewController.swift */; };
		5AA192242848A2F5007FDAF8 /* BasketViewController.swift in Sources */ = {isa = PBXBuildFile; fileRef = 5AA192232848A2F5007FDAF8 /* BasketViewController.swift */; };
		5AA1922A284F4C54007FDAF8 /* Alerts.swift in Sources */ = {isa = PBXBuildFile; fileRef = 5AA19229284F4C54007FDAF8 /* Alerts.swift */; };
		5AA2F0E62858B51600CCB743 /* ProfileUserView.swift in Sources */ = {isa = PBXBuildFile; fileRef = 5AA2F0E52858B51600CCB743 /* ProfileUserView.swift */; };
		5AA2F0E82858ED0400CCB743 /* Extension.swift in Sources */ = {isa = PBXBuildFile; fileRef = 5AA2F0E72858ED0400CCB743 /* Extension.swift */; };
		5AA2F0EB285A06F000CCB743 /* UserDefaults.swift in Sources */ = {isa = PBXBuildFile; fileRef = 5AA2F0EA285A06F000CCB743 /* UserDefaults.swift */; };
		5AA2F0EE285A07C200CCB743 /* UserModels.swift in Sources */ = {isa = PBXBuildFile; fileRef = 5AA2F0ED285A07C200CCB743 /* UserModels.swift */; };
/* End PBXBuildFile section */

/* Begin PBXFileReference section */
		0CE762A028608D55004BDC47 /* CollectionView.swift */ = {isa = PBXFileReference; lastKnownFileType = sourcecode.swift; path = CollectionView.swift; sourceTree = "<group>"; };
		0CE762A228608F1B004BDC47 /* ItemModels.swift */ = {isa = PBXFileReference; lastKnownFileType = sourcecode.swift; path = ItemModels.swift; sourceTree = "<group>"; };
		0CE762A4286095B9004BDC47 /* GalleryCollectionCell.swift */ = {isa = PBXFileReference; lastKnownFileType = sourcecode.swift; path = GalleryCollectionCell.swift; sourceTree = "<group>"; };
		5A942E34285233A900C1DC9C /* MenuViewController.swift */ = {isa = PBXFileReference; lastKnownFileType = sourcecode.swift; path = MenuViewController.swift; sourceTree = "<group>"; };
		5AA191EC2847A2FF007FDAF8 /* Marketplace.app */ = {isa = PBXFileReference; explicitFileType = wrapper.application; includeInIndex = 0; path = Marketplace.app; sourceTree = BUILT_PRODUCTS_DIR; };
		5AA191EF2847A2FF007FDAF8 /* AppDelegate.swift */ = {isa = PBXFileReference; lastKnownFileType = sourcecode.swift; path = AppDelegate.swift; sourceTree = "<group>"; };
		5AA191F12847A2FF007FDAF8 /* SceneDelegate.swift */ = {isa = PBXFileReference; lastKnownFileType = sourcecode.swift; path = SceneDelegate.swift; sourceTree = "<group>"; };
		5AA191F82847A300007FDAF8 /* Assets.xcassets */ = {isa = PBXFileReference; lastKnownFileType = folder.assetcatalog; path = Assets.xcassets; sourceTree = "<group>"; };
		5AA191FB2847A300007FDAF8 /* Base */ = {isa = PBXFileReference; lastKnownFileType = file.storyboard; name = Base; path = Base.lproj/LaunchScreen.storyboard; sourceTree = "<group>"; };
		5AA191FD2847A300007FDAF8 /* Info.plist */ = {isa = PBXFileReference; lastKnownFileType = text.plist.xml; path = Info.plist; sourceTree = "<group>"; };
		5AA1921F2847B009007FDAF8 /* ViewController.swift */ = {isa = PBXFileReference; lastKnownFileType = sourcecode.swift; path = ViewController.swift; sourceTree = "<group>"; };
		5AA192212847B2FB007FDAF8 /* SecondViewController.swift */ = {isa = PBXFileReference; lastKnownFileType = sourcecode.swift; path = SecondViewController.swift; sourceTree = "<group>"; };
		5AA192232848A2F5007FDAF8 /* BasketViewController.swift */ = {isa = PBXFileReference; lastKnownFileType = sourcecode.swift; path = BasketViewController.swift; sourceTree = "<group>"; };
		5AA19229284F4C54007FDAF8 /* Alerts.swift */ = {isa = PBXFileReference; lastKnownFileType = sourcecode.swift; path = Alerts.swift; sourceTree = "<group>"; };
		5AA2F0E52858B51600CCB743 /* ProfileUserView.swift */ = {isa = PBXFileReference; lastKnownFileType = sourcecode.swift; path = ProfileUserView.swift; sourceTree = "<group>"; };
		5AA2F0E72858ED0400CCB743 /* Extension.swift */ = {isa = PBXFileReference; lastKnownFileType = sourcecode.swift; path = Extension.swift; sourceTree = "<group>"; };
		5AA2F0EA285A06F000CCB743 /* UserDefaults.swift */ = {isa = PBXFileReference; lastKnownFileType = sourcecode.swift; path = UserDefaults.swift; sourceTree = "<group>"; };
		5AA2F0ED285A07C200CCB743 /* UserModels.swift */ = {isa = PBXFileReference; lastKnownFileType = sourcecode.swift; path = UserModels.swift; sourceTree = "<group>"; };
/* End PBXFileReference section */

/* Begin PBXFrameworksBuildPhase section */
		5AA191E92847A2FF007FDAF8 /* Frameworks */ = {
			isa = PBXFrameworksBuildPhase;
			buildActionMask = 2147483647;
			files = (
			);
			runOnlyForDeploymentPostprocessing = 0;
		};
/* End PBXFrameworksBuildPhase section */

/* Begin PBXGroup section */
		5A942E2F285217ED00C1DC9C /* Views */ = {
			isa = PBXGroup;
			children = (
				5AA192232848A2F5007FDAF8 /* BasketViewController.swift */,
				5AA2F0E52858B51600CCB743 /* ProfileUserView.swift */,
				0CE762A4286095B9004BDC47 /* GalleryCollectionCell.swift */,
			);
			path = Views;
			sourceTree = "<group>";
		};
		5A942E30285217F700C1DC9C /* Controllers */ = {
			isa = PBXGroup;
			children = (
				5A942E34285233A900C1DC9C /* MenuViewController.swift */,
				5AA1921F2847B009007FDAF8 /* ViewController.swift */,
				5AA192212847B2FB007FDAF8 /* SecondViewController.swift */,
				0CE762A028608D55004BDC47 /* CollectionView.swift */,
			);
			path = Controllers;
			sourceTree = "<group>";
		};
		5A942E312852180100C1DC9C /* Models */ = {
			isa = PBXGroup;
			children = (
				5AA19229284F4C54007FDAF8 /* Alerts.swift */,
				5AA2F0ED285A07C200CCB743 /* UserModels.swift */,
				0CE762A228608F1B004BDC47 /* ItemModels.swift */,
			);
			path = Models;
			sourceTree = "<group>";
		};
		5AA191E32847A2FF007FDAF8 = {
			isa = PBXGroup;
			children = (
				5AA191EE2847A2FF007FDAF8 /* Marketplace */,
				5AA191ED2847A2FF007FDAF8 /* Products */,
			);
			sourceTree = "<group>";
		};
		5AA191ED2847A2FF007FDAF8 /* Products */ = {
			isa = PBXGroup;
			children = (
				5AA191EC2847A2FF007FDAF8 /* Marketplace.app */,
			);
			name = Products;
			sourceTree = "<group>";
		};
		5AA191EE2847A2FF007FDAF8 /* Marketplace */ = {
			isa = PBXGroup;
			children = (
				5AA2F0E9285A069500CCB743 /* Services */,
				5AA192322851059B007FDAF8 /* Application */,
				5A942E312852180100C1DC9C /* Models */,
				5A942E30285217F700C1DC9C /* Controllers */,
				5A942E2F285217ED00C1DC9C /* Views */,
				5AA19233285105AD007FDAF8 /* Resources */,
				5AA2F0EC285A076700CCB743 /* Extensions */,
			);
			path = Marketplace;
			sourceTree = "<group>";
		};
		5AA192322851059B007FDAF8 /* Application */ = {
			isa = PBXGroup;
			children = (
				5AA191F12847A2FF007FDAF8 /* SceneDelegate.swift */,
				5AA191EF2847A2FF007FDAF8 /* AppDelegate.swift */,
			);
			path = Application;
			sourceTree = "<group>";
		};
		5AA19233285105AD007FDAF8 /* Resources */ = {
			isa = PBXGroup;
			children = (
				5AA191FD2847A300007FDAF8 /* Info.plist */,
				5AA191FA2847A300007FDAF8 /* LaunchScreen.storyboard */,
				5AA191F82847A300007FDAF8 /* Assets.xcassets */,
			);
			path = Resources;
			sourceTree = "<group>";
		};
		5AA2F0E9285A069500CCB743 /* Services */ = {
			isa = PBXGroup;
			children = (
				5AA2F0EA285A06F000CCB743 /* UserDefaults.swift */,
			);
			path = Services;
			sourceTree = "<group>";
		};
		5AA2F0EC285A076700CCB743 /* Extensions */ = {
			isa = PBXGroup;
			children = (
				5AA2F0E72858ED0400CCB743 /* Extension.swift */,
			);
			path = Extensions;
			sourceTree = "<group>";
		};
/* End PBXGroup section */

/* Begin PBXNativeTarget section */
		5AA191EB2847A2FF007FDAF8 /* Marketplace */ = {
			isa = PBXNativeTarget;
			buildConfigurationList = 5AA192162847A300007FDAF8 /* Build configuration list for PBXNativeTarget "Marketplace" */;
			buildPhases = (
				5AA191E82847A2FF007FDAF8 /* Sources */,
				5AA191E92847A2FF007FDAF8 /* Frameworks */,
				5AA191EA2847A2FF007FDAF8 /* Resources */,
			);
			buildRules = (
			);
			dependencies = (
			);
			name = Marketplace;
			productName = MyApp;
			productReference = 5AA191EC2847A2FF007FDAF8 /* Marketplace.app */;
			productType = "com.apple.product-type.application";
		};
/* End PBXNativeTarget section */

/* Begin PBXProject section */
		5AA191E42847A2FF007FDAF8 /* Project object */ = {
			isa = PBXProject;
			attributes = {
				BuildIndependentTargetsInParallel = 1;
				LastSwiftUpdateCheck = 1330;
				LastUpgradeCheck = 1330;
				TargetAttributes = {
					5AA191EB2847A2FF007FDAF8 = {
						CreatedOnToolsVersion = 13.3.1;
					};
				};
			};
			buildConfigurationList = 5AA191E72847A2FF007FDAF8 /* Build configuration list for PBXProject "Marketplace" */;
			compatibilityVersion = "Xcode 13.0";
			developmentRegion = en;
			hasScannedForEncodings = 0;
			knownRegions = (
				en,
				Base,
			);
			mainGroup = 5AA191E32847A2FF007FDAF8;
			productRefGroup = 5AA191ED2847A2FF007FDAF8 /* Products */;
			projectDirPath = "";
			projectRoot = "";
			targets = (
				5AA191EB2847A2FF007FDAF8 /* Marketplace */,
			);
		};
/* End PBXProject section */

/* Begin PBXResourcesBuildPhase section */
		5AA191EA2847A2FF007FDAF8 /* Resources */ = {
			isa = PBXResourcesBuildPhase;
			buildActionMask = 2147483647;
			files = (
				5AA191FC2847A300007FDAF8 /* LaunchScreen.storyboard in Resources */,
				5AA191F92847A300007FDAF8 /* Assets.xcassets in Resources */,
			);
			runOnlyForDeploymentPostprocessing = 0;
		};
/* End PBXResourcesBuildPhase section */

/* Begin PBXSourcesBuildPhase section */
		5AA191E82847A2FF007FDAF8 /* Sources */ = {
			isa = PBXSourcesBuildPhase;
			buildActionMask = 2147483647;
			files = (
				5AA192222847B2FB007FDAF8 /* SecondViewController.swift in Sources */,
				5AA2F0EE285A07C200CCB743 /* UserModels.swift in Sources */,
				5AA192202847B009007FDAF8 /* ViewController.swift in Sources */,
				5AA2F0E62858B51600CCB743 /* ProfileUserView.swift in Sources */,
				0CE762A128608D55004BDC47 /* CollectionView.swift in Sources */,
				0CE762A328608F1B004BDC47 /* ItemModels.swift in Sources */,
				5AA2F0E82858ED0400CCB743 /* Extension.swift in Sources */,
				5AA192242848A2F5007FDAF8 /* BasketViewController.swift in Sources */,
				5AA191F02847A2FF007FDAF8 /* AppDelegate.swift in Sources */,
				5AA2F0EB285A06F000CCB743 /* UserDefaults.swift in Sources */,
				5AA1922A284F4C54007FDAF8 /* Alerts.swift in Sources */,
				5AA191F22847A2FF007FDAF8 /* SceneDelegate.swift in Sources */,
				0CE762A5286095B9004BDC47 /* GalleryCollectionCell.swift in Sources */,
				5A942E35285233A900C1DC9C /* MenuViewController.swift in Sources */,
			);
			runOnlyForDeploymentPostprocessing = 0;
		};
/* End PBXSourcesBuildPhase section */

/* Begin PBXVariantGroup section */
		5AA191FA2847A300007FDAF8 /* LaunchScreen.storyboard */ = {
			isa = PBXVariantGroup;
			children = (
				5AA191FB2847A300007FDAF8 /* Base */,
			);
			name = LaunchScreen.storyboard;
			sourceTree = "<group>";
		};
/* End PBXVariantGroup section */

/* Begin XCBuildConfiguration section */
		5AA192142847A300007FDAF8 /* Debug */ = {
			isa = XCBuildConfiguration;
			buildSettings = {
				ALWAYS_SEARCH_USER_PATHS = NO;
				CLANG_ANALYZER_NONNULL = YES;
				CLANG_ANALYZER_NUMBER_OBJECT_CONVERSION = YES_AGGRESSIVE;
				CLANG_CXX_LANGUAGE_STANDARD = "gnu++17";
				CLANG_ENABLE_MODULES = YES;
				CLANG_ENABLE_OBJC_ARC = YES;
				CLANG_ENABLE_OBJC_WEAK = YES;
				CLANG_WARN_BLOCK_CAPTURE_AUTORELEASING = YES;
				CLANG_WARN_BOOL_CONVERSION = YES;
				CLANG_WARN_COMMA = YES;
				CLANG_WARN_CONSTANT_CONVERSION = YES;
				CLANG_WARN_DEPRECATED_OBJC_IMPLEMENTATIONS = YES;
				CLANG_WARN_DIRECT_OBJC_ISA_USAGE = YES_ERROR;
				CLANG_WARN_DOCUMENTATION_COMMENTS = YES;
				CLANG_WARN_EMPTY_BODY = YES;
				CLANG_WARN_ENUM_CONVERSION = YES;
				CLANG_WARN_INFINITE_RECURSION = YES;
				CLANG_WARN_INT_CONVERSION = YES;
				CLANG_WARN_NON_LITERAL_NULL_CONVERSION = YES;
				CLANG_WARN_OBJC_IMPLICIT_RETAIN_SELF = YES;
				CLANG_WARN_OBJC_LITERAL_CONVERSION = YES;
				CLANG_WARN_OBJC_ROOT_CLASS = YES_ERROR;
				CLANG_WARN_QUOTED_INCLUDE_IN_FRAMEWORK_HEADER = YES;
				CLANG_WARN_RANGE_LOOP_ANALYSIS = YES;
				CLANG_WARN_STRICT_PROTOTYPES = YES;
				CLANG_WARN_SUSPICIOUS_MOVE = YES;
				CLANG_WARN_UNGUARDED_AVAILABILITY = YES_AGGRESSIVE;
				CLANG_WARN_UNREACHABLE_CODE = YES;
				CLANG_WARN__DUPLICATE_METHOD_MATCH = YES;
				COPY_PHASE_STRIP = NO;
				DEBUG_INFORMATION_FORMAT = dwarf;
				ENABLE_STRICT_OBJC_MSGSEND = YES;
				ENABLE_TESTABILITY = YES;
				GCC_C_LANGUAGE_STANDARD = gnu11;
				GCC_DYNAMIC_NO_PIC = NO;
				GCC_NO_COMMON_BLOCKS = YES;
				GCC_OPTIMIZATION_LEVEL = 0;
				GCC_PREPROCESSOR_DEFINITIONS = (
					"DEBUG=1",
					"$(inherited)",
				);
				GCC_WARN_64_TO_32_BIT_CONVERSION = YES;
				GCC_WARN_ABOUT_RETURN_TYPE = YES_ERROR;
				GCC_WARN_UNDECLARED_SELECTOR = YES;
				GCC_WARN_UNINITIALIZED_AUTOS = YES_AGGRESSIVE;
				GCC_WARN_UNUSED_FUNCTION = YES;
				GCC_WARN_UNUSED_VARIABLE = YES;
				IPHONEOS_DEPLOYMENT_TARGET = 15.4;
				MTL_ENABLE_DEBUG_INFO = INCLUDE_SOURCE;
				MTL_FAST_MATH = YES;
				ONLY_ACTIVE_ARCH = YES;
				SDKROOT = iphoneos;
				SWIFT_ACTIVE_COMPILATION_CONDITIONS = DEBUG;
				SWIFT_OPTIMIZATION_LEVEL = "-Onone";
			};
			name = Debug;
		};
		5AA192152847A300007FDAF8 /* Release */ = {
			isa = XCBuildConfiguration;
			buildSettings = {
				ALWAYS_SEARCH_USER_PATHS = NO;
				CLANG_ANALYZER_NONNULL = YES;
				CLANG_ANALYZER_NUMBER_OBJECT_CONVERSION = YES_AGGRESSIVE;
				CLANG_CXX_LANGUAGE_STANDARD = "gnu++17";
				CLANG_ENABLE_MODULES = YES;
				CLANG_ENABLE_OBJC_ARC = YES;
				CLANG_ENABLE_OBJC_WEAK = YES;
				CLANG_WARN_BLOCK_CAPTURE_AUTORELEASING = YES;
				CLANG_WARN_BOOL_CONVERSION = YES;
				CLANG_WARN_COMMA = YES;
				CLANG_WARN_CONSTANT_CONVERSION = YES;
				CLANG_WARN_DEPRECATED_OBJC_IMPLEMENTATIONS = YES;
				CLANG_WARN_DIRECT_OBJC_ISA_USAGE = YES_ERROR;
				CLANG_WARN_DOCUMENTATION_COMMENTS = YES;
				CLANG_WARN_EMPTY_BODY = YES;
				CLANG_WARN_ENUM_CONVERSION = YES;
				CLANG_WARN_INFINITE_RECURSION = YES;
				CLANG_WARN_INT_CONVERSION = YES;
				CLANG_WARN_NON_LITERAL_NULL_CONVERSION = YES;
				CLANG_WARN_OBJC_IMPLICIT_RETAIN_SELF = YES;
				CLANG_WARN_OBJC_LITERAL_CONVERSION = YES;
				CLANG_WARN_OBJC_ROOT_CLASS = YES_ERROR;
				CLANG_WARN_QUOTED_INCLUDE_IN_FRAMEWORK_HEADER = YES;
				CLANG_WARN_RANGE_LOOP_ANALYSIS = YES;
				CLANG_WARN_STRICT_PROTOTYPES = YES;
				CLANG_WARN_SUSPICIOUS_MOVE = YES;
				CLANG_WARN_UNGUARDED_AVAILABILITY = YES_AGGRESSIVE;
				CLANG_WARN_UNREACHABLE_CODE = YES;
				CLANG_WARN__DUPLICATE_METHOD_MATCH = YES;
				COPY_PHASE_STRIP = NO;
				DEBUG_INFORMATION_FORMAT = "dwarf-with-dsym";
				ENABLE_NS_ASSERTIONS = NO;
				ENABLE_STRICT_OBJC_MSGSEND = YES;
				GCC_C_LANGUAGE_STANDARD = gnu11;
				GCC_NO_COMMON_BLOCKS = YES;
				GCC_WARN_64_TO_32_BIT_CONVERSION = YES;
				GCC_WARN_ABOUT_RETURN_TYPE = YES_ERROR;
				GCC_WARN_UNDECLARED_SELECTOR = YES;
				GCC_WARN_UNINITIALIZED_AUTOS = YES_AGGRESSIVE;
				GCC_WARN_UNUSED_FUNCTION = YES;
				GCC_WARN_UNUSED_VARIABLE = YES;
				IPHONEOS_DEPLOYMENT_TARGET = 15.4;
				MTL_ENABLE_DEBUG_INFO = NO;
				MTL_FAST_MATH = YES;
				SDKROOT = iphoneos;
				SWIFT_COMPILATION_MODE = wholemodule;
				SWIFT_OPTIMIZATION_LEVEL = "-O";
				VALIDATE_PRODUCT = YES;
			};
			name = Release;
		};
		5AA192172847A300007FDAF8 /* Debug */ = {
			isa = XCBuildConfiguration;
			buildSettings = {
				ASSETCATALOG_COMPILER_APPICON_NAME = AppIcon;
				ASSETCATALOG_COMPILER_GLOBAL_ACCENT_COLOR_NAME = AccentColor;
				CODE_SIGN_STYLE = Automatic;
				CURRENT_PROJECT_VERSION = 1;
				DEVELOPMENT_TEAM = RXCGR348Y5;
				GENERATE_INFOPLIST_FILE = YES;
				INFOPLIST_FILE = Marketplace/Resources/Info.plist;
				INFOPLIST_KEY_CFBundleDisplayName = Marketplace;
				INFOPLIST_KEY_UIApplicationSupportsIndirectInputEvents = YES;
				INFOPLIST_KEY_UILaunchStoryboardName = LaunchScreen;
				INFOPLIST_KEY_UISupportedInterfaceOrientations_iPad = "UIInterfaceOrientationPortrait UIInterfaceOrientationPortraitUpsideDown UIInterfaceOrientationLandscapeLeft UIInterfaceOrientationLandscapeRight";
				INFOPLIST_KEY_UISupportedInterfaceOrientations_iPhone = "UIInterfaceOrientationPortrait UIInterfaceOrientationLandscapeLeft UIInterfaceOrientationLandscapeRight";
				LD_RUNPATH_SEARCH_PATHS = (
					"$(inherited)",
					"@executable_path/Frameworks",
				);
				MARKETING_VERSION = 1.0;
				PRODUCT_BUNDLE_IDENTIFIER = first.MyApp;
				PRODUCT_NAME = "$(TARGET_NAME)";
				SWIFT_EMIT_LOC_STRINGS = YES;
				SWIFT_VERSION = 5.0;
				TARGETED_DEVICE_FAMILY = "1,2";
			};
			name = Debug;
		};
		5AA192182847A300007FDAF8 /* Release */ = {
			isa = XCBuildConfiguration;
			buildSettings = {
				ASSETCATALOG_COMPILER_APPICON_NAME = AppIcon;
				ASSETCATALOG_COMPILER_GLOBAL_ACCENT_COLOR_NAME = AccentColor;
				CODE_SIGN_STYLE = Automatic;
				CURRENT_PROJECT_VERSION = 1;
				DEVELOPMENT_TEAM = RXCGR348Y5;
				GENERATE_INFOPLIST_FILE = YES;
				INFOPLIST_FILE = Marketplace/Resources/Info.plist;
				INFOPLIST_KEY_CFBundleDisplayName = Marketplace;
				INFOPLIST_KEY_UIApplicationSupportsIndirectInputEvents = YES;
				INFOPLIST_KEY_UILaunchStoryboardName = LaunchScreen;
				INFOPLIST_KEY_UISupportedInterfaceOrientations_iPad = "UIInterfaceOrientationPortrait UIInterfaceOrientationPortraitUpsideDown UIInterfaceOrientationLandscapeLeft UIInterfaceOrientationLandscapeRight";
				INFOPLIST_KEY_UISupportedInterfaceOrientations_iPhone = "UIInterfaceOrientationPortrait UIInterfaceOrientationLandscapeLeft UIInterfaceOrientationLandscapeRight";
				LD_RUNPATH_SEARCH_PATHS = (
					"$(inherited)",
					"@executable_path/Frameworks",
				);
				MARKETING_VERSION = 1.0;
				PRODUCT_BUNDLE_IDENTIFIER = first.MyApp;
				PRODUCT_NAME = "$(TARGET_NAME)";
				SWIFT_EMIT_LOC_STRINGS = YES;
				SWIFT_VERSION = 5.0;
				TARGETED_DEVICE_FAMILY = "1,2";
			};
			name = Release;
		};
/* End XCBuildConfiguration section */

/* Begin XCConfigurationList section */
		5AA191E72847A2FF007FDAF8 /* Build configuration list for PBXProject "Marketplace" */ = {
			isa = XCConfigurationList;
			buildConfigurations = (
				5AA192142847A300007FDAF8 /* Debug */,
				5AA192152847A300007FDAF8 /* Release */,
			);
			defaultConfigurationIsVisible = 0;
			defaultConfigurationName = Release;
		};
		5AA192162847A300007FDAF8 /* Build configuration list for PBXNativeTarget "Marketplace" */ = {
			isa = XCConfigurationList;
			buildConfigurations = (
				5AA192172847A300007FDAF8 /* Debug */,
				5AA192182847A300007FDAF8 /* Release */,
			);
			defaultConfigurationIsVisible = 0;
			defaultConfigurationName = Release;
		};
/* End XCConfigurationList section */
	};
	rootObject = 5AA191E42847A2FF007FDAF8 /* Project object */;
}
